{
  "nodes": {
    "flake-utils": {
      "locked": {
        "lastModified": 1597053966,
        "narHash": "sha256-f9lbPS/GJ1His8fsDqM6gfa8kSqREU4eKiMCS5hrKg4=",
        "owner": "numtide",
        "repo": "flake-utils",
        "rev": "ec20f52e2ff61e9c36c2b894b62fc1b4bd04c71b",
        "type": "github"
      },
      "original": {
        "owner": "numtide",
        "repo": "flake-utils",
        "type": "github"
      }
    },
    "nixpkgs": {
      "locked": {
        "lastModified": 1597094029,
        "narHash": "sha256-0O6U1feE0X9rucUOwrGD9C+9OVlp8US5FhIeXJ9LDoc=",
        "path": "/nix/store/pbcaa4p55p11x7f1hb53iknzmi2vhm33-source",
        "rev": "dfb5731ad23fd8b92c8d14b4f4d94cab8b3db89c",
        "type": "path"
      },
      "original": {
        "id": "nixpkgs",
        "type": "indirect"
      }
    },
    "root": {
      "inputs": {
        "flake-utils": "flake-utils",
        "nixpkgs": "nixpkgs"
      }
    }
  },
  "root": "root",
  "version": 7
}
